
Microsoft Visual Studio Solution File, Format Version 12.00
# Visual Studio 15
VisualStudioVersion = 15.0.28307.852
MinimumVisualStudioVersion = 10.0.40219.1
Project("{9A19103F-16F7-4668-BE54-9A1E7A4F7556}") = "CedFCIC", "CedFCIC\CedFCIC.csproj", "{F253D55E-E52D-457C-9616-BB8B8D3F0B96}"
EndProject
Project("{9A19103F-16F7-4668-BE54-9A1E7A4F7556}") = "CedFCICDB", "CedFCICDB\CedFCICDB.csproj", "{23923987-EDD1-4D2D-9541-08980C1C174B}"
EndProject
Project("{9A19103F-16F7-4668-BE54-9A1E7A4F7556}") = "CedFCICRN", "CedFCICRN\CedFCICRN.csproj", "{84F0E2D8-02CE-4543-8492-BAD811F104B4}"
EndProject
Project("{9A19103F-16F7-4668-BE54-9A1E7A4F7556}") = "CedFCICEntidades", "CedFCICEntidades\CedFCICEntidades.csproj", "{24945770-29B9-43F1-A0C5-00A67C6B948F}"
EndProject
Project("{9A19103F-16F7-4668-BE54-9A1E7A4F7556}") = "CedFCICEX", "CedEX\CedFCICEX.csproj", "{2F73E56A-2F77-4D6D-B591-1E8062E73CF4}"
EndProject
Project("{9A19103F-16F7-4668-BE54-9A1E7A4F7556}") = "FeaEntidades", "FeaEntidades\FeaEntidades.csproj", "{A56B81F7-FE5D-4401-B875-40845A224498}"
EndProject
Global
	GlobalSection(SolutionConfigurationPlatforms) = preSolution
		Debug|Any CPU = Debug|Any CPU
		Release|Any CPU = Release|Any CPU
	EndGlobalSection
	GlobalSection(ProjectConfigurationPlatforms) = postSolution
		{F253D55E-E52D-457C-9616-BB8B8D3F0B96}.Debug|Any CPU.ActiveCfg = Debug|Any CPU
		{F253D55E-E52D-457C-9616-BB8B8D3F0B96}.Debug|Any CPU.Build.0 = Debug|Any CPU
		{F253D55E-E52D-457C-9616-BB8B8D3F0B96}.Release|Any CPU.ActiveCfg = Release|Any CPU
		{F253D55E-E52D-457C-9616-BB8B8D3F0B96}.Release|Any CPU.Build.0 = Release|Any CPU
		{23923987-EDD1-4D2D-9541-08980C1C174B}.Debug|Any CPU.ActiveCfg = Debug|Any CPU
		{23923987-EDD1-4D2D-9541-08980C1C174B}.Debug|Any CPU.Build.0 = Debug|Any CPU
		{23923987-EDD1-4D2D-9541-08980C1C174B}.Release|Any CPU.ActiveCfg = Release|Any CPU
		{23923987-EDD1-4D2D-9541-08980C1C174B}.Release|Any CPU.Build.0 = Release|Any CPU
		{84F0E2D8-02CE-4543-8492-BAD811F104B4}.Debug|Any CPU.ActiveCfg = Debug|Any CPU
		{84F0E2D8-02CE-4543-8492-BAD811F104B4}.Debug|Any CPU.Build.0 = Debug|Any CPU
		{84F0E2D8-02CE-4543-8492-BAD811F104B4}.Release|Any CPU.ActiveCfg = Release|Any CPU
		{84F0E2D8-02CE-4543-8492-BAD811F104B4}.Release|Any CPU.Build.0 = Release|Any CPU
		{24945770-29B9-43F1-A0C5-00A67C6B948F}.Debug|Any CPU.ActiveCfg = Debug|Any CPU
		{24945770-29B9-43F1-A0C5-00A67C6B948F}.Debug|Any CPU.Build.0 = Debug|Any CPU
		{24945770-29B9-43F1-A0C5-00A67C6B948F}.Release|Any CPU.ActiveCfg = Release|Any CPU
		{24945770-29B9-43F1-A0C5-00A67C6B948F}.Release|Any CPU.Build.0 = Release|Any CPU
		{2F73E56A-2F77-4D6D-B591-1E8062E73CF4}.Debug|Any CPU.ActiveCfg = Debug|Any CPU
		{2F73E56A-2F77-4D6D-B591-1E8062E73CF4}.Debug|Any CPU.Build.0 = Debug|Any CPU
		{2F73E56A-2F77-4D6D-B591-1E8062E73CF4}.Release|Any CPU.ActiveCfg = Release|Any CPU
		{2F73E56A-2F77-4D6D-B591-1E8062E73CF4}.Release|Any CPU.Build.0 = Release|Any CPU
		{A56B81F7-FE5D-4401-B875-40845A224498}.Debug|Any CPU.ActiveCfg = Debug|Any CPU
		{A56B81F7-FE5D-4401-B875-40845A224498}.Debug|Any CPU.Build.0 = Debug|Any CPU
		{A56B81F7-FE5D-4401-B875-40845A224498}.Release|Any CPU.ActiveCfg = Release|Any CPU
		{A56B81F7-FE5D-4401-B875-40845A224498}.Release|Any CPU.Build.0 = Release|Any CPU
	EndGlobalSection
	GlobalSection(SolutionProperties) = preSolution
		HideSolutionNode = FALSE
	EndGlobalSection
	GlobalSection(ExtensibilityGlobals) = postSolution
		SolutionGuid = {EE1DC6EB-F805-4E52-BC8F-3CCE70ED5655}
	EndGlobalSection
EndGlobal
